// !$*UTF8*$!
{
	archiveVersion = 1;
	classes = {
	};
	objectVersion = 56;
	objects = {

/* Begin PBXBuildFile section */
		4BF5184C2B0211F400645D4D /* AppDelegate.swift in Sources */ = {isa = PBXBuildFile; fileRef = 4BF5184B2B0211F400645D4D /* AppDelegate.swift */; };
		4BF5184E2B0211F400645D4D /* SceneDelegate.swift in Sources */ = {isa = PBXBuildFile; fileRef = 4BF5184D2B0211F400645D4D /* SceneDelegate.swift */; };
		4BF518502B0211F400645D4D /* MainViewController.swift in Sources */ = {isa = PBXBuildFile; fileRef = 4BF5184F2B0211F400645D4D /* MainViewController.swift */; };
		4BF518552B0211F500645D4D /* Assets.xcassets in Resources */ = {isa = PBXBuildFile; fileRef = 4BF518542B0211F500645D4D /* Assets.xcassets */; };
		4BF518582B0211F500645D4D /* LaunchScreen.storyboard in Resources */ = {isa = PBXBuildFile; fileRef = 4BF518562B0211F500645D4D /* LaunchScreen.storyboard */; };
		4BF518622B02122800645D4D /* MainView.swift in Sources */ = {isa = PBXBuildFile; fileRef = 4BF518612B02122800645D4D /* MainView.swift */; };
		4BF5186B2B02166000645D4D /* SnapKit in Frameworks */ = {isa = PBXBuildFile; productRef = 4BF5186A2B02166000645D4D /* SnapKit */; };
		4BF5186E2B02166E00645D4D /* Then in Frameworks */ = {isa = PBXBuildFile; productRef = 4BF5186D2B02166E00645D4D /* Then */; };
		4BF518702B021A1600645D4D /* BaseStyle.swift in Sources */ = {isa = PBXBuildFile; fileRef = 4BF5186F2B021A1600645D4D /* BaseStyle.swift */; };
		4BF518722B021CC900645D4D /* Poppins-Regular.ttf in Resources */ = {isa = PBXBuildFile; fileRef = 4BF518712B021CC900645D4D /* Poppins-Regular.ttf */; };
		4BF518742B021CE100645D4D /* Poppins-Bold.ttf in Resources */ = {isa = PBXBuildFile; fileRef = 4BF518732B021CE100645D4D /* Poppins-Bold.ttf */; };
		4BF518782B02711600645D4D /* GraphTitleCell.swift in Sources */ = {isa = PBXBuildFile; fileRef = 4BF518772B02711600645D4D /* GraphTitleCell.swift */; };
		4BF5187A2B0271C700645D4D /* ReuseIdentifier.swift in Sources */ = {isa = PBXBuildFile; fileRef = 4BF518792B0271C700645D4D /* ReuseIdentifier.swift */; };
		4BF518892B03310100645D4D /* delightlabs-ios-hometest-mockdata.json in Resources */ = {isa = PBXBuildFile; fileRef = 4BF518882B03310100645D4D /* delightlabs-ios-hometest-mockdata.json */; };
		4BF5188B2B0331F500645D4D /* TransactionTitleCell.swift in Sources */ = {isa = PBXBuildFile; fileRef = 4BF5188A2B0331F500645D4D /* TransactionTitleCell.swift */; };
		4BF5188D2B03370300645D4D /* TransactionTableCell.swift in Sources */ = {isa = PBXBuildFile; fileRef = 4BF5188C2B03370300645D4D /* TransactionTableCell.swift */; };
		4BF518912B03662C00645D4D /* Poppins-SemiBold.ttf in Resources */ = {isa = PBXBuildFile; fileRef = 4BF518902B03662C00645D4D /* Poppins-SemiBold.ttf */; };
		4BF518932B037DC800645D4D /* CollectionHeaderView.swift in Sources */ = {isa = PBXBuildFile; fileRef = 4BF518922B037DC800645D4D /* CollectionHeaderView.swift */; };
		4BF518952B03826D00645D4D /* BaseLabel.swift in Sources */ = {isa = PBXBuildFile; fileRef = 4BF518942B03826D00645D4D /* BaseLabel.swift */; };
/* End PBXBuildFile section */

/* Begin PBXFileReference section */
		4BF518482B0211F400645D4D /* delight_labs.app */ = {isa = PBXFileReference; explicitFileType = wrapper.application; includeInIndex = 0; path = delight_labs.app; sourceTree = BUILT_PRODUCTS_DIR; };
		4BF5184B2B0211F400645D4D /* AppDelegate.swift */ = {isa = PBXFileReference; lastKnownFileType = sourcecode.swift; path = AppDelegate.swift; sourceTree = "<group>"; };
		4BF5184D2B0211F400645D4D /* SceneDelegate.swift */ = {isa = PBXFileReference; lastKnownFileType = sourcecode.swift; path = SceneDelegate.swift; sourceTree = "<group>"; };
		4BF5184F2B0211F400645D4D /* MainViewController.swift */ = {isa = PBXFileReference; lastKnownFileType = sourcecode.swift; path = MainViewController.swift; sourceTree = "<group>"; };
		4BF518542B0211F500645D4D /* Assets.xcassets */ = {isa = PBXFileReference; lastKnownFileType = folder.assetcatalog; path = Assets.xcassets; sourceTree = "<group>"; };
		4BF518572B0211F500645D4D /* Base */ = {isa = PBXFileReference; lastKnownFileType = file.storyboard; name = Base; path = Base.lproj/LaunchScreen.storyboard; sourceTree = "<group>"; };
		4BF518592B0211F500645D4D /* Info.plist */ = {isa = PBXFileReference; lastKnownFileType = text.plist.xml; path = Info.plist; sourceTree = "<group>"; };
		4BF518612B02122800645D4D /* MainView.swift */ = {isa = PBXFileReference; lastKnownFileType = sourcecode.swift; path = MainView.swift; sourceTree = "<group>"; };
		4BF5186F2B021A1600645D4D /* BaseStyle.swift */ = {isa = PBXFileReference; lastKnownFileType = sourcecode.swift; path = BaseStyle.swift; sourceTree = "<group>"; };
		4BF518712B021CC900645D4D /* Poppins-Regular.ttf */ = {isa = PBXFileReference; lastKnownFileType = file; path = "Poppins-Regular.ttf"; sourceTree = "<group>"; };
		4BF518732B021CE100645D4D /* Poppins-Bold.ttf */ = {isa = PBXFileReference; lastKnownFileType = file; path = "Poppins-Bold.ttf"; sourceTree = "<group>"; };
		4BF518772B02711600645D4D /* GraphTitleCell.swift */ = {isa = PBXFileReference; lastKnownFileType = sourcecode.swift; path = GraphTitleCell.swift; sourceTree = "<group>"; };
		4BF518792B0271C700645D4D /* ReuseIdentifier.swift */ = {isa = PBXFileReference; lastKnownFileType = sourcecode.swift; path = ReuseIdentifier.swift; sourceTree = "<group>"; };
		4BF518882B03310100645D4D /* delightlabs-ios-hometest-mockdata.json */ = {isa = PBXFileReference; fileEncoding = 4; lastKnownFileType = text.json; path = "delightlabs-ios-hometest-mockdata.json"; sourceTree = "<group>"; };
		4BF5188A2B0331F500645D4D /* TransactionTitleCell.swift */ = {isa = PBXFileReference; lastKnownFileType = sourcecode.swift; path = TransactionTitleCell.swift; sourceTree = "<group>"; };
		4BF5188C2B03370300645D4D /* TransactionTableCell.swift */ = {isa = PBXFileReference; lastKnownFileType = sourcecode.swift; path = TransactionTableCell.swift; sourceTree = "<group>"; };
		4BF518902B03662C00645D4D /* Poppins-SemiBold.ttf */ = {isa = PBXFileReference; lastKnownFileType = file; path = "Poppins-SemiBold.ttf"; sourceTree = "<group>"; };
		4BF518922B037DC800645D4D /* CollectionHeaderView.swift */ = {isa = PBXFileReference; lastKnownFileType = sourcecode.swift; path = CollectionHeaderView.swift; sourceTree = "<group>"; };
		4BF518942B03826D00645D4D /* BaseLabel.swift */ = {isa = PBXFileReference; lastKnownFileType = sourcecode.swift; path = BaseLabel.swift; sourceTree = "<group>"; };
/* End PBXFileReference section */

/* Begin PBXFrameworksBuildPhase section */
		4BF518452B0211F400645D4D /* Frameworks */ = {
			isa = PBXFrameworksBuildPhase;
			buildActionMask = 2147483647;
			files = (
				4BF5186B2B02166000645D4D /* SnapKit in Frameworks */,
				4BF5186E2B02166E00645D4D /* Then in Frameworks */,
			);
			runOnlyForDeploymentPostprocessing = 0;
		};
/* End PBXFrameworksBuildPhase section */

/* Begin PBXGroup section */
		4BF5183F2B0211F400645D4D = {
			isa = PBXGroup;
			children = (
				4BF5184A2B0211F400645D4D /* delight_labs */,
				4BF518492B0211F400645D4D /* Products */,
			);
			sourceTree = "<group>";
		};
		4BF518492B0211F400645D4D /* Products */ = {
			isa = PBXGroup;
			children = (
				4BF518482B0211F400645D4D /* delight_labs.app */,
			);
			name = Products;
			sourceTree = "<group>";
		};
		4BF5184A2B0211F400645D4D /* delight_labs */ = {
			isa = PBXGroup;
			children = (
				4BF518652B02145E00645D4D /* View */,
				4BF5184B2B0211F400645D4D /* AppDelegate.swift */,
				4BF5184D2B0211F400645D4D /* SceneDelegate.swift */,
				4BF5184F2B0211F400645D4D /* MainViewController.swift */,
				4BF518542B0211F500645D4D /* Assets.xcassets */,
				4BF518562B0211F500645D4D /* LaunchScreen.storyboard */,
				4BF518592B0211F500645D4D /* Info.plist */,
				4BF518882B03310100645D4D /* delightlabs-ios-hometest-mockdata.json */,
			);
			path = delight_labs;
			sourceTree = "<group>";
		};
		4BF518652B02145E00645D4D /* View */ = {
			isa = PBXGroup;
			children = (
				4BF518962B03830A00645D4D /* Components */,
				4BF518612B02122800645D4D /* MainView.swift */,
				4BF518772B02711600645D4D /* GraphTitleCell.swift */,
				4BF5188C2B03370300645D4D /* TransactionTableCell.swift */,
				4BF5188A2B0331F500645D4D /* TransactionTitleCell.swift */,
				4BF518922B037DC800645D4D /* CollectionHeaderView.swift */,
			);
			path = View;
			sourceTree = "<group>";
		};
		4BF518662B0214C900645D4D /* Fonts */ = {
			isa = PBXGroup;
			children = (
				4BF518902B03662C00645D4D /* Poppins-SemiBold.ttf */,
				4BF518732B021CE100645D4D /* Poppins-Bold.ttf */,
				4BF518712B021CC900645D4D /* Poppins-Regular.ttf */,
			);
			path = Fonts;
			sourceTree = "<group>";
		};
		4BF518962B03830A00645D4D /* Components */ = {
			isa = PBXGroup;
			children = (
				4BF518792B0271C700645D4D /* ReuseIdentifier.swift */,
				4BF5186F2B021A1600645D4D /* BaseStyle.swift */,
				4BF518942B03826D00645D4D /* BaseLabel.swift */,
				4BF518662B0214C900645D4D /* Fonts */,
			);
			path = Components;
			sourceTree = "<group>";
		};
/* End PBXGroup section */

/* Begin PBXNativeTarget section */
		4BF518472B0211F400645D4D /* delight_labs */ = {
			isa = PBXNativeTarget;
			buildConfigurationList = 4BF5185C2B0211F500645D4D /* Build configuration list for PBXNativeTarget "delight_labs" */;
			buildPhases = (
				4BF518442B0211F400645D4D /* Sources */,
				4BF518452B0211F400645D4D /* Frameworks */,
				4BF518462B0211F400645D4D /* Resources */,
			);
			buildRules = (
			);
			dependencies = (
			);
			name = delight_labs;
			packageProductDependencies = (
				4BF5186A2B02166000645D4D /* SnapKit */,
				4BF5186D2B02166E00645D4D /* Then */,
			);
			productName = delight_labs;
			productReference = 4BF518482B0211F400645D4D /* delight_labs.app */;
			productType = "com.apple.product-type.application";
		};
/* End PBXNativeTarget section */

/* Begin PBXProject section */
		4BF518402B0211F400645D4D /* Project object */ = {
			isa = PBXProject;
			attributes = {
				BuildIndependentTargetsInParallel = 1;
				LastSwiftUpdateCheck = 1430;
				LastUpgradeCheck = 1430;
				TargetAttributes = {
					4BF518472B0211F400645D4D = {
						CreatedOnToolsVersion = 14.3.1;
					};
				};
			};
			buildConfigurationList = 4BF518432B0211F400645D4D /* Build configuration list for PBXProject "delight_labs" */;
			compatibilityVersion = "Xcode 14.0";
			developmentRegion = en;
			hasScannedForEncodings = 0;
			knownRegions = (
				en,
				Base,
			);
			mainGroup = 4BF5183F2B0211F400645D4D;
			packageReferences = (
				4BF518692B02166000645D4D /* XCRemoteSwiftPackageReference "SnapKit" */,
				4BF5186C2B02166E00645D4D /* XCRemoteSwiftPackageReference "Then" */,
			);
			productRefGroup = 4BF518492B0211F400645D4D /* Products */;
			projectDirPath = "";
			projectRoot = "";
			targets = (
				4BF518472B0211F400645D4D /* delight_labs */,
			);
		};
/* End PBXProject section */

/* Begin PBXResourcesBuildPhase section */
		4BF518462B0211F400645D4D /* Resources */ = {
			isa = PBXResourcesBuildPhase;
			buildActionMask = 2147483647;
			files = (
				4BF518722B021CC900645D4D /* Poppins-Regular.ttf in Resources */,
				4BF518582B0211F500645D4D /* LaunchScreen.storyboard in Resources */,
				4BF518552B0211F500645D4D /* Assets.xcassets in Resources */,
				4BF518912B03662C00645D4D /* Poppins-SemiBold.ttf in Resources */,
				4BF518742B021CE100645D4D /* Poppins-Bold.ttf in Resources */,
				4BF518892B03310100645D4D /* delightlabs-ios-hometest-mockdata.json in Resources */,
			);
			runOnlyForDeploymentPostprocessing = 0;
		};
/* End PBXResourcesBuildPhase section */

/* Begin PBXSourcesBuildPhase section */
		4BF518442B0211F400645D4D /* Sources */ = {
			isa = PBXSourcesBuildPhase;
			buildActionMask = 2147483647;
			files = (
				4BF518702B021A1600645D4D /* BaseStyle.swift in Sources */,
				4BF518952B03826D00645D4D /* BaseLabel.swift in Sources */,
				4BF518502B0211F400645D4D /* MainViewController.swift in Sources */,
				4BF5188B2B0331F500645D4D /* TransactionTitleCell.swift in Sources */,
				4BF518782B02711600645D4D /* GraphTitleCell.swift in Sources */,
				4BF518622B02122800645D4D /* MainView.swift in Sources */,
				4BF5188D2B03370300645D4D /* TransactionTableCell.swift in Sources */,
				4BF5184C2B0211F400645D4D /* AppDelegate.swift in Sources */,
				4BF5184E2B0211F400645D4D /* SceneDelegate.swift in Sources */,
				4BF518932B037DC800645D4D /* CollectionHeaderView.swift in Sources */,
				4BF5187A2B0271C700645D4D /* ReuseIdentifier.swift in Sources */,
			);
			runOnlyForDeploymentPostprocessing = 0;
		};
/* End PBXSourcesBuildPhase section */

/* Begin PBXVariantGroup section */
		4BF518562B0211F500645D4D /* LaunchScreen.storyboard */ = {
			isa = PBXVariantGroup;
			children = (
				4BF518572B0211F500645D4D /* Base */,
			);
			name = LaunchScreen.storyboard;
			sourceTree = "<group>";
		};
/* End PBXVariantGroup section */

/* Begin XCBuildConfiguration section */
		4BF5185A2B0211F500645D4D /* Debug */ = {
			isa = XCBuildConfiguration;
			buildSettings = {
				ALWAYS_SEARCH_USER_PATHS = NO;
				CLANG_ANALYZER_NONNULL = YES;
				CLANG_ANALYZER_NUMBER_OBJECT_CONVERSION = YES_AGGRESSIVE;
				CLANG_CXX_LANGUAGE_STANDARD = "gnu++20";
				CLANG_ENABLE_MODULES = YES;
				CLANG_ENABLE_OBJC_ARC = YES;
				CLANG_ENABLE_OBJC_WEAK = YES;
				CLANG_WARN_BLOCK_CAPTURE_AUTORELEASING = YES;
				CLANG_WARN_BOOL_CONVERSION = YES;
				CLANG_WARN_COMMA = YES;
				CLANG_WARN_CONSTANT_CONVERSION = YES;
				CLANG_WARN_DEPRECATED_OBJC_IMPLEMENTATIONS = YES;
				CLANG_WARN_DIRECT_OBJC_ISA_USAGE = YES_ERROR;
				CLANG_WARN_DOCUMENTATION_COMMENTS = YES;
				CLANG_WARN_EMPTY_BODY = YES;
				CLANG_WARN_ENUM_CONVERSION = YES;
				CLANG_WARN_INFINITE_RECURSION = YES;
				CLANG_WARN_INT_CONVERSION = YES;
				CLANG_WARN_NON_LITERAL_NULL_CONVERSION = YES;
				CLANG_WARN_OBJC_IMPLICIT_RETAIN_SELF = YES;
				CLANG_WARN_OBJC_LITERAL_CONVERSION = YES;
				CLANG_WARN_OBJC_ROOT_CLASS = YES_ERROR;
				CLANG_WARN_QUOTED_INCLUDE_IN_FRAMEWORK_HEADER = YES;
				CLANG_WARN_RANGE_LOOP_ANALYSIS = YES;
				CLANG_WARN_STRICT_PROTOTYPES = YES;
				CLANG_WARN_SUSPICIOUS_MOVE = YES;
				CLANG_WARN_UNGUARDED_AVAILABILITY = YES_AGGRESSIVE;
				CLANG_WARN_UNREACHABLE_CODE = YES;
				CLANG_WARN__DUPLICATE_METHOD_MATCH = YES;
				COPY_PHASE_STRIP = NO;
				DEBUG_INFORMATION_FORMAT = dwarf;
				ENABLE_STRICT_OBJC_MSGSEND = YES;
				ENABLE_TESTABILITY = YES;
				GCC_C_LANGUAGE_STANDARD = gnu11;
				GCC_DYNAMIC_NO_PIC = NO;
				GCC_NO_COMMON_BLOCKS = YES;
				GCC_OPTIMIZATION_LEVEL = 0;
				GCC_PREPROCESSOR_DEFINITIONS = (
					"DEBUG=1",
					"$(inherited)",
				);
				GCC_WARN_64_TO_32_BIT_CONVERSION = YES;
				GCC_WARN_ABOUT_RETURN_TYPE = YES_ERROR;
				GCC_WARN_UNDECLARED_SELECTOR = YES;
				GCC_WARN_UNINITIALIZED_AUTOS = YES_AGGRESSIVE;
				GCC_WARN_UNUSED_FUNCTION = YES;
				GCC_WARN_UNUSED_VARIABLE = YES;
				IPHONEOS_DEPLOYMENT_TARGET = 16.4;
				MTL_ENABLE_DEBUG_INFO = INCLUDE_SOURCE;
				MTL_FAST_MATH = YES;
				ONLY_ACTIVE_ARCH = YES;
				SDKROOT = iphoneos;
				SWIFT_ACTIVE_COMPILATION_CONDITIONS = DEBUG;
				SWIFT_OPTIMIZATION_LEVEL = "-Onone";
			};
			name = Debug;
		};
		4BF5185B2B0211F500645D4D /* Release */ = {
			isa = XCBuildConfiguration;
			buildSettings = {
				ALWAYS_SEARCH_USER_PATHS = NO;
				CLANG_ANALYZER_NONNULL = YES;
				CLANG_ANALYZER_NUMBER_OBJECT_CONVERSION = YES_AGGRESSIVE;
				CLANG_CXX_LANGUAGE_STANDARD = "gnu++20";
				CLANG_ENABLE_MODULES = YES;
				CLANG_ENABLE_OBJC_ARC = YES;
				CLANG_ENABLE_OBJC_WEAK = YES;
				CLANG_WARN_BLOCK_CAPTURE_AUTORELEASING = YES;
				CLANG_WARN_BOOL_CONVERSION = YES;
				CLANG_WARN_COMMA = YES;
				CLANG_WARN_CONSTANT_CONVERSION = YES;
				CLANG_WARN_DEPRECATED_OBJC_IMPLEMENTATIONS = YES;
				CLANG_WARN_DIRECT_OBJC_ISA_USAGE = YES_ERROR;
				CLANG_WARN_DOCUMENTATION_COMMENTS = YES;
				CLANG_WARN_EMPTY_BODY = YES;
				CLANG_WARN_ENUM_CONVERSION = YES;
				CLANG_WARN_INFINITE_RECURSION = YES;
				CLANG_WARN_INT_CONVERSION = YES;
				CLANG_WARN_NON_LITERAL_NULL_CONVERSION = YES;
				CLANG_WARN_OBJC_IMPLICIT_RETAIN_SELF = YES;
				CLANG_WARN_OBJC_LITERAL_CONVERSION = YES;
				CLANG_WARN_OBJC_ROOT_CLASS = YES_ERROR;
				CLANG_WARN_QUOTED_INCLUDE_IN_FRAMEWORK_HEADER = YES;
				CLANG_WARN_RANGE_LOOP_ANALYSIS = YES;
				CLANG_WARN_STRICT_PROTOTYPES = YES;
				CLANG_WARN_SUSPICIOUS_MOVE = YES;
				CLANG_WARN_UNGUARDED_AVAILABILITY = YES_AGGRESSIVE;
				CLANG_WARN_UNREACHABLE_CODE = YES;
				CLANG_WARN__DUPLICATE_METHOD_MATCH = YES;
				COPY_PHASE_STRIP = NO;
				DEBUG_INFORMATION_FORMAT = "dwarf-with-dsym";
				ENABLE_NS_ASSERTIONS = NO;
				ENABLE_STRICT_OBJC_MSGSEND = YES;
				GCC_C_LANGUAGE_STANDARD = gnu11;
				GCC_NO_COMMON_BLOCKS = YES;
				GCC_WARN_64_TO_32_BIT_CONVERSION = YES;
				GCC_WARN_ABOUT_RETURN_TYPE = YES_ERROR;
				GCC_WARN_UNDECLARED_SELECTOR = YES;
				GCC_WARN_UNINITIALIZED_AUTOS = YES_AGGRESSIVE;
				GCC_WARN_UNUSED_FUNCTION = YES;
				GCC_WARN_UNUSED_VARIABLE = YES;
				IPHONEOS_DEPLOYMENT_TARGET = 16.4;
				MTL_ENABLE_DEBUG_INFO = NO;
				MTL_FAST_MATH = YES;
				SDKROOT = iphoneos;
				SWIFT_COMPILATION_MODE = wholemodule;
				SWIFT_OPTIMIZATION_LEVEL = "-O";
				VALIDATE_PRODUCT = YES;
			};
			name = Release;
		};
		4BF5185D2B0211F500645D4D /* Debug */ = {
			isa = XCBuildConfiguration;
			buildSettings = {
				ASSETCATALOG_COMPILER_APPICON_NAME = AppIcon;
				ASSETCATALOG_COMPILER_GLOBAL_ACCENT_COLOR_NAME = AccentColor;
				CODE_SIGN_STYLE = Automatic;
				CURRENT_PROJECT_VERSION = 1;
				GENERATE_INFOPLIST_FILE = YES;
				INFOPLIST_FILE = delight_labs/Info.plist;
				INFOPLIST_KEY_UIApplicationSupportsIndirectInputEvents = YES;
				INFOPLIST_KEY_UILaunchStoryboardName = LaunchScreen;
				INFOPLIST_KEY_UISupportedInterfaceOrientations_iPad = "UIInterfaceOrientationPortrait UIInterfaceOrientationPortraitUpsideDown UIInterfaceOrientationLandscapeLeft UIInterfaceOrientationLandscapeRight";
				INFOPLIST_KEY_UISupportedInterfaceOrientations_iPhone = "UIInterfaceOrientationPortrait UIInterfaceOrientationLandscapeLeft UIInterfaceOrientationLandscapeRight";
				LD_RUNPATH_SEARCH_PATHS = (
					"$(inherited)",
					"@executable_path/Frameworks",
				);
				MARKETING_VERSION = 1.0;
				PRODUCT_BUNDLE_IDENTIFIER = "io.mimin.delight-labs";
				PRODUCT_NAME = "$(TARGET_NAME)";
				SWIFT_EMIT_LOC_STRINGS = YES;
				SWIFT_VERSION = 5.0;
				TARGETED_DEVICE_FAMILY = "1,2";
			};
			name = Debug;
		};
		4BF5185E2B0211F500645D4D /* Release */ = {
			isa = XCBuildConfiguration;
			buildSettings = {
				ASSETCATALOG_COMPILER_APPICON_NAME = AppIcon;
				ASSETCATALOG_COMPILER_GLOBAL_ACCENT_COLOR_NAME = AccentColor;
				CODE_SIGN_STYLE = Automatic;
				CURRENT_PROJECT_VERSION = 1;
				GENERATE_INFOPLIST_FILE = YES;
				INFOPLIST_FILE = delight_labs/Info.plist;
				INFOPLIST_KEY_UIApplicationSupportsIndirectInputEvents = YES;
				INFOPLIST_KEY_UILaunchStoryboardName = LaunchScreen;
				INFOPLIST_KEY_UISupportedInterfaceOrientations_iPad = "UIInterfaceOrientationPortrait UIInterfaceOrientationPortraitUpsideDown UIInterfaceOrientationLandscapeLeft UIInterfaceOrientationLandscapeRight";
				INFOPLIST_KEY_UISupportedInterfaceOrientations_iPhone = "UIInterfaceOrientationPortrait UIInterfaceOrientationLandscapeLeft UIInterfaceOrientationLandscapeRight";
				LD_RUNPATH_SEARCH_PATHS = (
					"$(inherited)",
					"@executable_path/Frameworks",
				);
				MARKETING_VERSION = 1.0;
				PRODUCT_BUNDLE_IDENTIFIER = "io.mimin.delight-labs";
				PRODUCT_NAME = "$(TARGET_NAME)";
				SWIFT_EMIT_LOC_STRINGS = YES;
				SWIFT_VERSION = 5.0;
				TARGETED_DEVICE_FAMILY = "1,2";
			};
			name = Release;
		};
/* End XCBuildConfiguration section */

/* Begin XCConfigurationList section */
		4BF518432B0211F400645D4D /* Build configuration list for PBXProject "delight_labs" */ = {
			isa = XCConfigurationList;
			buildConfigurations = (
				4BF5185A2B0211F500645D4D /* Debug */,
				4BF5185B2B0211F500645D4D /* Release */,
			);
			defaultConfigurationIsVisible = 0;
			defaultConfigurationName = Release;
		};
		4BF5185C2B0211F500645D4D /* Build configuration list for PBXNativeTarget "delight_labs" */ = {
			isa = XCConfigurationList;
			buildConfigurations = (
				4BF5185D2B0211F500645D4D /* Debug */,
				4BF5185E2B0211F500645D4D /* Release */,
			);
			defaultConfigurationIsVisible = 0;
			defaultConfigurationName = Release;
		};
/* End XCConfigurationList section */

/* Begin XCRemoteSwiftPackageReference section */
		4BF518692B02166000645D4D /* XCRemoteSwiftPackageReference "SnapKit" */ = {
			isa = XCRemoteSwiftPackageReference;
			repositoryURL = "https://github.com/SnapKit/SnapKit.git";
			requirement = {
				kind = upToNextMajorVersion;
				minimumVersion = 5.0.0;
			};
		};
		4BF5186C2B02166E00645D4D /* XCRemoteSwiftPackageReference "Then" */ = {
			isa = XCRemoteSwiftPackageReference;
			repositoryURL = "https://github.com/devxoul/Then.git";
			requirement = {
				kind = upToNextMajorVersion;
				minimumVersion = 3.0.0;
			};
		};
/* End XCRemoteSwiftPackageReference section */

/* Begin XCSwiftPackageProductDependency section */
		4BF5186A2B02166000645D4D /* SnapKit */ = {
			isa = XCSwiftPackageProductDependency;
			package = 4BF518692B02166000645D4D /* XCRemoteSwiftPackageReference "SnapKit" */;
			productName = SnapKit;
		};
		4BF5186D2B02166E00645D4D /* Then */ = {
			isa = XCSwiftPackageProductDependency;
			package = 4BF5186C2B02166E00645D4D /* XCRemoteSwiftPackageReference "Then" */;
			productName = Then;
		};
/* End XCSwiftPackageProductDependency section */
	};
	rootObject = 4BF518402B0211F400645D4D /* Project object */;
}
